
Microsoft Visual Studio Solution File, Format Version 12.00
# Visual Studio Version 16
VisualStudioVersion = 16.0.31321.278
MinimumVisualStudioVersion = 10.0.40219.1
Project("{FAE04EC0-301F-11D3-BF4B-00C04F79EFBC}") = "owlapp", "owlapp.csproj", "{EA4FF933-D7BB-422A-A3EF-DC39343F9156}"
EndProject
Global
	GlobalSection(SolutionConfigurationPlatforms) = preSolution
		Debug|Any CPU = Debug|Any CPU
		Release|Any CPU = Release|Any CPU
	EndGlobalSection
	GlobalSection(ProjectConfigurationPlatforms) = postSolution
		{EA4FF933-D7BB-422A-A3EF-DC39343F9156}.Debug|Any CPU.ActiveCfg = Debug|Any CPU
		{EA4FF933-D7BB-422A-A3EF-DC39343F9156}.Debug|Any CPU.Build.0 = Debug|Any CPU
		{EA4FF933-D7BB-422A-A3EF-DC39343F9156}.Release|Any CPU.ActiveCfg = Release|Any CPU
		{EA4FF933-D7BB-422A-A3EF-DC39343F9156}.Release|Any CPU.Build.0 = Release|Any CPU
	EndGlobalSection
	GlobalSection(SolutionProperties) = preSolution
		HideSolutionNode = FALSE
	EndGlobalSection
	GlobalSection(ExtensibilityGlobals) = postSolution
		SolutionGuid = {6904FA1A-A741-47C6-A107-50FC160D903A}
	EndGlobalSection
EndGlobal
